PODS:
  - TensorFlowLiteC (2.14.0):
    - TensorFlowLiteC/Core (= 2.14.0)
  - TensorFlowLiteC/Core (2.14.0)
  - TensorFlowLiteC/CoreML (2.14.0):
    - TensorFlowLiteC/Core
  - TensorFlowLiteC/Metal (2.14.0):
    - TensorFlowLiteC/Core
  - TensorFlowLiteSwift/Core (2.14.0):
    - TensorFlowLiteC (= 2.14.0)
  - TensorFlowLiteSwift/CoreML (2.14.0):
    - TensorFlowLiteC/CoreML (= 2.14.0)
    - TensorFlowLiteSwift/Core (= 2.14.0)
  - TensorFlowLiteSwift/Metal (2.14.0):
    - TensorFlowLiteC/Metal (= 2.14.0)
    - TensorFlowLiteSwift/Core (= 2.14.0)

DEPENDENCIES:
  - TensorFlowLiteSwift/CoreML
  - TensorFlowLiteSwift/Metal

SPEC REPOS:
  trunk:
    - TensorFlowLiteC
    - TensorFlowLiteSwift

SPEC CHECKSUMS:
  TensorFlowLiteC: a836de9b6e6018665ccc349538bdd2c3b80dd7a5
  TensorFlowLiteSwift: f706b143b69d7bf433aba7b08049bdd11c321a10

PODFILE CHECKSUM: c2b322a7a9b6fdfb4b1897a72938cea193c68714

COCOAPODS: 1.12.1
